
Microsoft Visual Studio Solution File, Format Version 12.00
# Visual Studio Version 17
VisualStudioVersion = 17.8.34330.188
MinimumVisualStudioVersion = 10.0.40219.1
Project("{FAE04EC0-301F-11D3-BF4B-00C04F79EFBC}") = "testquadra", "testquadra.csproj", "{2F521E95-F81A-4D7A-B85B-70D0D0D653D7}"
EndProject
Global
	GlobalSection(SolutionConfigurationPlatforms) = preSolution
		Debug|Any CPU = Debug|Any CPU
		Release|Any CPU = Release|Any CPU
	EndGlobalSection
	GlobalSection(ProjectConfigurationPlatforms) = postSolution
		{2F521E95-F81A-4D7A-B85B-70D0D0D653D7}.Debug|Any CPU.ActiveCfg = Debug|Any CPU
		{2F521E95-F81A-4D7A-B85B-70D0D0D653D7}.Debug|Any CPU.Build.0 = Debug|Any CPU
		{2F521E95-F81A-4D7A-B85B-70D0D0D653D7}.Release|Any CPU.ActiveCfg = Release|Any CPU
		{2F521E95-F81A-4D7A-B85B-70D0D0D653D7}.Release|Any CPU.Build.0 = Release|Any CPU
	EndGlobalSection
	GlobalSection(SolutionProperties) = preSolution
		HideSolutionNode = FALSE
	EndGlobalSection
	GlobalSection(ExtensibilityGlobals) = postSolution
		SolutionGuid = {32DBD736-8598-45D0-A01E-C6CF7A29488C}
	EndGlobalSection
EndGlobal
